
Microsoft Visual Studio Solution File, Format Version 12.00
# Visual Studio Version 17
VisualStudioVersion = 17.1.32210.238
MinimumVisualStudioVersion = 10.0.40219.1
Project("{9A19103F-16F7-4668-BE54-9A1E7A4F7556}") = "LogSy", "LogSy\LogSy.csproj", "{FD1F065A-D1CF-40DE-8714-2E1F1313C42E}"
EndProject
Global
	GlobalSection(SolutionConfigurationPlatforms) = preSolution
		Debug|Any CPU = Debug|Any CPU
		Release|Any CPU = Release|Any CPU
	EndGlobalSection
	GlobalSection(ProjectConfigurationPlatforms) = postSolution
		{FD1F065A-D1CF-40DE-8714-2E1F1313C42E}.Debug|Any CPU.ActiveCfg = Debug|Any CPU
		{FD1F065A-D1CF-40DE-8714-2E1F1313C42E}.Debug|Any CPU.Build.0 = Debug|Any CPU
		{FD1F065A-D1CF-40DE-8714-2E1F1313C42E}.Release|Any CPU.ActiveCfg = Release|Any CPU
		{FD1F065A-D1CF-40DE-8714-2E1F1313C42E}.Release|Any CPU.Build.0 = Release|Any CPU
	EndGlobalSection
	GlobalSection(SolutionProperties) = preSolution
		HideSolutionNode = FALSE
	EndGlobalSection
	GlobalSection(ExtensibilityGlobals) = postSolution
		SolutionGuid = {65E4E6C9-0052-4D26-8999-7974DC1203DF}
	EndGlobalSection
EndGlobal
